Microsoft Visual Studio Solution File, Format Version 12.00
# Visual Studio Version 17
VisualStudioVersion = 17.5.2.0
MinimumVisualStudioVersion = 10.0.40219.1
Project("{FAE04EC0-301F-11D3-BF4B-00C04F79EFBC}") = "GMS-CSharp-Server", "GMS-CSharp-Server.csproj", "{DA5757E7-4B08-5209-5400-48174E863020}"
EndProject
Global
	GlobalSection(SolutionConfigurationPlatforms) = preSolution
		Debug|Any CPU = Debug|Any CPU
		Release|Any CPU = Release|Any CPU
	EndGlobalSection
	GlobalSection(ProjectConfigurationPlatforms) = postSolution
		{DA5757E7-4B08-5209-5400-48174E863020}.Debug|Any CPU.ActiveCfg = Debug|Any CPU
		{DA5757E7-4B08-5209-5400-48174E863020}.Debug|Any CPU.Build.0 = Debug|Any CPU
		{DA5757E7-4B08-5209-5400-48174E863020}.Release|Any CPU.ActiveCfg = Release|Any CPU
		{DA5757E7-4B08-5209-5400-48174E863020}.Release|Any CPU.Build.0 = Release|Any CPU
	EndGlobalSection
	GlobalSection(SolutionProperties) = preSolution
		HideSolutionNode = FALSE
	EndGlobalSection
	GlobalSection(ExtensibilityGlobals) = postSolution
		SolutionGuid = {FD503D5E-DC47-4F05-8435-424201AC3E4A}
	EndGlobalSection
EndGlobal
